
Microsoft Visual Studio Solution File, Format Version 12.00
# Visual Studio Version 16
VisualStudioVersion = 16.0.31005.135
MinimumVisualStudioVersion = 10.0.40219.1
Project("{9A19103F-16F7-4668-BE54-9A1E7A4F7556}") = "ManageUsers", "ManageUsers\ManageUsers.csproj", "{3BB98E97-4C17-4C69-9008-A0BF09DBB000}"
EndProject
Project("{9A19103F-16F7-4668-BE54-9A1E7A4F7556}") = "Test", "Test\Test.csproj", "{0C6DDF3D-5E22-405C-9544-440B1DDBB2BF}"
EndProject
Global
	GlobalSection(SolutionConfigurationPlatforms) = preSolution
		Debug|Any CPU = Debug|Any CPU
		Release|Any CPU = Release|Any CPU
	EndGlobalSection
	GlobalSection(ProjectConfigurationPlatforms) = postSolution
		{3BB98E97-4C17-4C69-9008-A0BF09DBB000}.Debug|Any CPU.ActiveCfg = Debug|Any CPU
		{3BB98E97-4C17-4C69-9008-A0BF09DBB000}.Debug|Any CPU.Build.0 = Debug|Any CPU
		{3BB98E97-4C17-4C69-9008-A0BF09DBB000}.Release|Any CPU.ActiveCfg = Release|Any CPU
		{3BB98E97-4C17-4C69-9008-A0BF09DBB000}.Release|Any CPU.Build.0 = Release|Any CPU
		{0C6DDF3D-5E22-405C-9544-440B1DDBB2BF}.Debug|Any CPU.ActiveCfg = Debug|Any CPU
		{0C6DDF3D-5E22-405C-9544-440B1DDBB2BF}.Debug|Any CPU.Build.0 = Debug|Any CPU
		{0C6DDF3D-5E22-405C-9544-440B1DDBB2BF}.Release|Any CPU.ActiveCfg = Release|Any CPU
		{0C6DDF3D-5E22-405C-9544-440B1DDBB2BF}.Release|Any CPU.Build.0 = Release|Any CPU
	EndGlobalSection
	GlobalSection(SolutionProperties) = preSolution
		HideSolutionNode = FALSE
	EndGlobalSection
	GlobalSection(ExtensibilityGlobals) = postSolution
		SolutionGuid = {43117F14-7498-4423-8CE0-59DBD32B9F36}
	EndGlobalSection
EndGlobal
